
Microsoft Visual Studio Solution File, Format Version 12.00
# Visual Studio Version 17
VisualStudioVersion = 17.5.33627.172
MinimumVisualStudioVersion = 10.0.40219.1
Project("{FAE04EC0-301F-11D3-BF4B-00C04F79EFBC}") = "Catalog.API", "Catalog.API\Catalog.API.csproj", "{CB86B26D-3BE0-481D-829C-BF803BBF0769}"
EndProject
Global
	GlobalSection(SolutionConfigurationPlatforms) = preSolution
		Debug|Any CPU = Debug|Any CPU
		Release|Any CPU = Release|Any CPU
	EndGlobalSection
	GlobalSection(ProjectConfigurationPlatforms) = postSolution
		{CB86B26D-3BE0-481D-829C-BF803BBF0769}.Debug|Any CPU.ActiveCfg = Debug|Any CPU
		{CB86B26D-3BE0-481D-829C-BF803BBF0769}.Debug|Any CPU.Build.0 = Debug|Any CPU
		{CB86B26D-3BE0-481D-829C-BF803BBF0769}.Release|Any CPU.ActiveCfg = Release|Any CPU
		{CB86B26D-3BE0-481D-829C-BF803BBF0769}.Release|Any CPU.Build.0 = Release|Any CPU
	EndGlobalSection
	GlobalSection(SolutionProperties) = preSolution
		HideSolutionNode = FALSE
	EndGlobalSection
	GlobalSection(ExtensibilityGlobals) = postSolution
		SolutionGuid = {36EABAA0-78EB-40ED-BA0D-D2F2E9188022}
	EndGlobalSection
EndGlobal
